
Microsoft Visual Studio Solution File, Format Version 12.00
# Visual Studio Version 17
VisualStudioVersion = 17.4.33122.133
MinimumVisualStudioVersion = 10.0.40219.1
Project("{FAE04EC0-301F-11D3-BF4B-00C04F79EFBC}") = "database2", "database2\database2.csproj", "{6B45A8C2-E7B5-4A03-8913-6D502DEB56B9}"
EndProject
Global
	GlobalSection(SolutionConfigurationPlatforms) = preSolution
		Debug|Any CPU = Debug|Any CPU
		Release|Any CPU = Release|Any CPU
	EndGlobalSection
	GlobalSection(ProjectConfigurationPlatforms) = postSolution
		{6B45A8C2-E7B5-4A03-8913-6D502DEB56B9}.Debug|Any CPU.ActiveCfg = Debug|Any CPU
		{6B45A8C2-E7B5-4A03-8913-6D502DEB56B9}.Debug|Any CPU.Build.0 = Debug|Any CPU
		{6B45A8C2-E7B5-4A03-8913-6D502DEB56B9}.Release|Any CPU.ActiveCfg = Release|Any CPU
		{6B45A8C2-E7B5-4A03-8913-6D502DEB56B9}.Release|Any CPU.Build.0 = Release|Any CPU
	EndGlobalSection
	GlobalSection(SolutionProperties) = preSolution
		HideSolutionNode = FALSE
	EndGlobalSection
	GlobalSection(ExtensibilityGlobals) = postSolution
		SolutionGuid = {64BA9A61-25A4-41B6-BC6B-8A1739EC2345}
	EndGlobalSection
EndGlobal
