
Microsoft Visual Studio Solution File, Format Version 12.00
# Visual Studio Version 17
VisualStudioVersion = 17.4.33122.133
MinimumVisualStudioVersion = 10.0.40219.1
Project("{FAE04EC0-301F-11D3-BF4B-00C04F79EFBC}") = "disconneted", "disconneted\disconneted.csproj", "{4043B4B5-93B3-479D-A7EA-D0E76466076E}"
EndProject
Global
	GlobalSection(SolutionConfigurationPlatforms) = preSolution
		Debug|Any CPU = Debug|Any CPU
		Release|Any CPU = Release|Any CPU
	EndGlobalSection
	GlobalSection(ProjectConfigurationPlatforms) = postSolution
		{4043B4B5-93B3-479D-A7EA-D0E76466076E}.Debug|Any CPU.ActiveCfg = Debug|Any CPU
		{4043B4B5-93B3-479D-A7EA-D0E76466076E}.Debug|Any CPU.Build.0 = Debug|Any CPU
		{4043B4B5-93B3-479D-A7EA-D0E76466076E}.Release|Any CPU.ActiveCfg = Release|Any CPU
		{4043B4B5-93B3-479D-A7EA-D0E76466076E}.Release|Any CPU.Build.0 = Release|Any CPU
	EndGlobalSection
	GlobalSection(SolutionProperties) = preSolution
		HideSolutionNode = FALSE
	EndGlobalSection
	GlobalSection(ExtensibilityGlobals) = postSolution
		SolutionGuid = {F019DC3A-419D-45DD-BCA2-75FFBBF2CD52}
	EndGlobalSection
EndGlobal
