
Microsoft Visual Studio Solution File, Format Version 12.00
# Visual Studio Version 17
VisualStudioVersion = 17.4.33122.133
MinimumVisualStudioVersion = 10.0.40219.1
Project("{FAE04EC0-301F-11D3-BF4B-00C04F79EFBC}") = "ConsoleApp9", "ConsoleApp9\ConsoleApp9.csproj", "{C72183DA-5445-4B1F-92DD-9C9CDC8AF233}"
EndProject
Global
	GlobalSection(SolutionConfigurationPlatforms) = preSolution
		Debug|Any CPU = Debug|Any CPU
		Release|Any CPU = Release|Any CPU
	EndGlobalSection
	GlobalSection(ProjectConfigurationPlatforms) = postSolution
		{C72183DA-5445-4B1F-92DD-9C9CDC8AF233}.Debug|Any CPU.ActiveCfg = Debug|Any CPU
		{C72183DA-5445-4B1F-92DD-9C9CDC8AF233}.Debug|Any CPU.Build.0 = Debug|Any CPU
		{C72183DA-5445-4B1F-92DD-9C9CDC8AF233}.Release|Any CPU.ActiveCfg = Release|Any CPU
		{C72183DA-5445-4B1F-92DD-9C9CDC8AF233}.Release|Any CPU.Build.0 = Release|Any CPU
	EndGlobalSection
	GlobalSection(SolutionProperties) = preSolution
		HideSolutionNode = FALSE
	EndGlobalSection
	GlobalSection(ExtensibilityGlobals) = postSolution
		SolutionGuid = {2A2F0388-6A82-44F1-ADB5-F2338F9DDA62}
	EndGlobalSection
EndGlobal
