
Microsoft Visual Studio Solution File, Format Version 12.00
# Visual Studio Version 17
VisualStudioVersion = 17.4.33122.133
MinimumVisualStudioVersion = 10.0.40219.1
Project("{FAE04EC0-301F-11D3-BF4B-00C04F79EFBC}") = "WebApplication1", "WebApplication1\WebApplication1.csproj", "{D6AB5F88-C878-453D-BDD1-90B5830F82AF}"
EndProject
Global
	GlobalSection(SolutionConfigurationPlatforms) = preSolution
		Debug|Any CPU = Debug|Any CPU
		Release|Any CPU = Release|Any CPU
	EndGlobalSection
	GlobalSection(ProjectConfigurationPlatforms) = postSolution
		{D6AB5F88-C878-453D-BDD1-90B5830F82AF}.Debug|Any CPU.ActiveCfg = Debug|Any CPU
		{D6AB5F88-C878-453D-BDD1-90B5830F82AF}.Debug|Any CPU.Build.0 = Debug|Any CPU
		{D6AB5F88-C878-453D-BDD1-90B5830F82AF}.Release|Any CPU.ActiveCfg = Release|Any CPU
		{D6AB5F88-C878-453D-BDD1-90B5830F82AF}.Release|Any CPU.Build.0 = Release|Any CPU
	EndGlobalSection
	GlobalSection(SolutionProperties) = preSolution
		HideSolutionNode = FALSE
	EndGlobalSection
	GlobalSection(ExtensibilityGlobals) = postSolution
		SolutionGuid = {6D8A11A1-8143-415E-B347-D3D11888BB8F}
	EndGlobalSection
EndGlobal
