
Microsoft Visual Studio Solution File, Format Version 12.00
# Visual Studio Version 17
VisualStudioVersion = 17.4.33122.133
MinimumVisualStudioVersion = 10.0.40219.1
Project("{FAE04EC0-301F-11D3-BF4B-00C04F79EFBC}") = "ConsoleApp4", "ConsoleApp4\ConsoleApp4.csproj", "{B237AC21-E115-4215-A55D-E4E1AB3709FB}"
EndProject
Global
	GlobalSection(SolutionConfigurationPlatforms) = preSolution
		Debug|Any CPU = Debug|Any CPU
		Release|Any CPU = Release|Any CPU
	EndGlobalSection
	GlobalSection(ProjectConfigurationPlatforms) = postSolution
		{B237AC21-E115-4215-A55D-E4E1AB3709FB}.Debug|Any CPU.ActiveCfg = Debug|Any CPU
		{B237AC21-E115-4215-A55D-E4E1AB3709FB}.Debug|Any CPU.Build.0 = Debug|Any CPU
		{B237AC21-E115-4215-A55D-E4E1AB3709FB}.Release|Any CPU.ActiveCfg = Release|Any CPU
		{B237AC21-E115-4215-A55D-E4E1AB3709FB}.Release|Any CPU.Build.0 = Release|Any CPU
	EndGlobalSection
	GlobalSection(SolutionProperties) = preSolution
		HideSolutionNode = FALSE
	EndGlobalSection
	GlobalSection(ExtensibilityGlobals) = postSolution
		SolutionGuid = {3B0335F6-CE9F-49AA-B13C-62203E319BA7}
	EndGlobalSection
EndGlobal
